// !$*UTF8*$!
{
	archiveVersion = 1;
	classes = {
	};
	objectVersion = 46;
	objects = {

/* Begin PBXBuildFile section */
		0AF57328829A725C288FDACF /* libPods-HaikuMessenger.a in Frameworks */ = {isa = PBXBuildFile; fileRef = 5C5678F420B237E3E350129C /* libPods-HaikuMessenger.a */; };
		EE00C78B1A1F8A9600884A02 /* NotificationsVC.swift in Sources */ = {isa = PBXBuildFile; fileRef = EE00C78A1A1F8A9600884A02 /* NotificationsVC.swift */; };
		EE00C78F1A1F94A100884A02 /* SettingsVC.swift in Sources */ = {isa = PBXBuildFile; fileRef = EE00C78E1A1F94A100884A02 /* SettingsVC.swift */; };
		EE1040FC1A10AC5000E9CBFE /* AppDelegate.swift in Sources */ = {isa = PBXBuildFile; fileRef = EE1040FB1A10AC5000E9CBFE /* AppDelegate.swift */; };
		EE1040FF1A10AC5000E9CBFE /* HaikuMessenger.xcdatamodeld in Sources */ = {isa = PBXBuildFile; fileRef = EE1040FD1A10AC5000E9CBFE /* HaikuMessenger.xcdatamodeld */; };
		EE1041041A10AC5000E9CBFE /* Main.storyboard in Resources */ = {isa = PBXBuildFile; fileRef = EE1041021A10AC5000E9CBFE /* Main.storyboard */; };
		EE1041061A10AC5000E9CBFE /* Images.xcassets in Resources */ = {isa = PBXBuildFile; fileRef = EE1041051A10AC5000E9CBFE /* Images.xcassets */; };
		EE1041091A10AC5000E9CBFE /* LaunchScreen.xib in Resources */ = {isa = PBXBuildFile; fileRef = EE1041071A10AC5000E9CBFE /* LaunchScreen.xib */; };
		EE1041151A10AC5100E9CBFE /* HaikuMessengerTests.swift in Sources */ = {isa = PBXBuildFile; fileRef = EE1041141A10AC5100E9CBFE /* HaikuMessengerTests.swift */; };
		EE10411F1A10AE1500E9CBFE /* AudioToolbox.framework in Frameworks */ = {isa = PBXBuildFile; fileRef = EE10411E1A10AE1500E9CBFE /* AudioToolbox.framework */; };
		EE1041211A10AE2600E9CBFE /* CFNetwork.framework in Frameworks */ = {isa = PBXBuildFile; fileRef = EE1041201A10AE2600E9CBFE /* CFNetwork.framework */; };
		EE1041231A10AE2E00E9CBFE /* CoreGraphics.framework in Frameworks */ = {isa = PBXBuildFile; fileRef = EE1041221A10AE2E00E9CBFE /* CoreGraphics.framework */; };
		EE1041251A10AE3400E9CBFE /* CoreLocation.framework in Frameworks */ = {isa = PBXBuildFile; fileRef = EE1041241A10AE3400E9CBFE /* CoreLocation.framework */; };
		EE1041271A10AE4000E9CBFE /* libz.dylib in Frameworks */ = {isa = PBXBuildFile; fileRef = EE1041261A10AE4000E9CBFE /* libz.dylib */; };
		EE1041291A10AE4800E9CBFE /* MobileCoreServices.framework in Frameworks */ = {isa = PBXBuildFile; fileRef = EE1041281A10AE4800E9CBFE /* MobileCoreServices.framework */; };
		EE10412B1A10AE4E00E9CBFE /* QuartzCore.framework in Frameworks */ = {isa = PBXBuildFile; fileRef = EE10412A1A10AE4E00E9CBFE /* QuartzCore.framework */; };
		EE10412D1A10AE5600E9CBFE /* Security.framework in Frameworks */ = {isa = PBXBuildFile; fileRef = EE10412C1A10AE5600E9CBFE /* Security.framework */; };
		EE10412F1A10AE5D00E9CBFE /* StoreKit.framework in Frameworks */ = {isa = PBXBuildFile; fileRef = EE10412E1A10AE5D00E9CBFE /* StoreKit.framework */; };
		EE1041311A10AE6500E9CBFE /* SystemConfiguration.framework in Frameworks */ = {isa = PBXBuildFile; fileRef = EE1041301A10AE6500E9CBFE /* SystemConfiguration.framework */; };
		EE1041411A10B2A700E9CBFE /* LoginVC.swift in Sources */ = {isa = PBXBuildFile; fileRef = EE1041401A10B2A700E9CBFE /* LoginVC.swift */; };
		EE2285621A1E6DA500B06BAC /* StoredFriend.swift in Sources */ = {isa = PBXBuildFile; fileRef = EE2285611A1E6DA500B06BAC /* StoredFriend.swift */; };
		EE2285641A1E6DA600B06BAC /* StoredUser.swift in Sources */ = {isa = PBXBuildFile; fileRef = EE2285631A1E6DA600B06BAC /* StoredUser.swift */; };
		EE25CDCF1A10BE6100FF95AB /* InboxVC.swift in Sources */ = {isa = PBXBuildFile; fileRef = EE25CDCE1A10BE6100FF95AB /* InboxVC.swift */; };
		EE25CDD31A10D91600FF95AB /* Factory.swift in Sources */ = {isa = PBXBuildFile; fileRef = EE25CDD21A10D91600FF95AB /* Factory.swift */; };
		EE25CDD51A10DFF900FF95AB /* FriendsVC.swift in Sources */ = {isa = PBXBuildFile; fileRef = EE25CDD41A10DFF900FF95AB /* FriendsVC.swift */; };
		EE25CDD71A10E31B00FF95AB /* AddFriendVC.swift in Sources */ = {isa = PBXBuildFile; fileRef = EE25CDD61A10E31B00FF95AB /* AddFriendVC.swift */; };
		EE3DD7BC1A17FAEC00902642 /* Bolts.framework in Frameworks */ = {isa = PBXBuildFile; fileRef = EE3DD7B71A17FAEC00902642 /* Bolts.framework */; };
		EE3DD7BD1A17FAEC00902642 /* FacebookSDK.framework in Frameworks */ = {isa = PBXBuildFile; fileRef = EE3DD7B81A17FAEC00902642 /* FacebookSDK.framework */; };
		EE3DD7BE1A17FAEC00902642 /* Parse.framework in Frameworks */ = {isa = PBXBuildFile; fileRef = EE3DD7B91A17FAEC00902642 /* Parse.framework */; };
		EE3DD7BF1A17FAEC00902642 /* ParseFacebookUtils.framework in Frameworks */ = {isa = PBXBuildFile; fileRef = EE3DD7BA1A17FAEC00902642 /* ParseFacebookUtils.framework */; };
		EE3DD7C01A17FAEC00902642 /* ParseUI.framework in Frameworks */ = {isa = PBXBuildFile; fileRef = EE3DD7BB1A17FAEC00902642 /* ParseUI.framework */; };
		EE3DD7C31A180D1500902642 /* FriendCell.swift in Sources */ = {isa = PBXBuildFile; fileRef = EE3DD7C21A180D1500902642 /* FriendCell.swift */; };
		EE5E5C411A193CD300C5132B /* SWRevealViewController.m in Sources */ = {isa = PBXBuildFile; fileRef = EE5E5C401A193CD300C5132B /* SWRevealViewController.m */; };
		EEBB4E091A194717008B8239 /* MenuVC.swift in Sources */ = {isa = PBXBuildFile; fileRef = EEBB4E081A194717008B8239 /* MenuVC.swift */; };
		EEBB4E0B1A194FB9008B8239 /* StandardCell.swift in Sources */ = {isa = PBXBuildFile; fileRef = EEBB4E0A1A194FB9008B8239 /* StandardCell.swift */; };
		EEC417221A153672000CD1AC /* PageContainerVC.swift in Sources */ = {isa = PBXBuildFile; fileRef = EEC417211A153672000CD1AC /* PageContainerVC.swift */; };
		EEC417241A15370B000CD1AC /* RegisterVC.swift in Sources */ = {isa = PBXBuildFile; fileRef = EEC417231A15370B000CD1AC /* RegisterVC.swift */; };
		EEC4454E1A1E04F90053A44A /* CoreDataManager.swift in Sources */ = {isa = PBXBuildFile; fileRef = EEC4454D1A1E04F90053A44A /* CoreDataManager.swift */; };
		EEC96A4D1A129270006B996E /* AddFriendTableCell.swift in Sources */ = {isa = PBXBuildFile; fileRef = EEC96A4C1A129270006B996E /* AddFriendTableCell.swift */; };
		EEC96A501A129891006B996E /* Contants.swift in Sources */ = {isa = PBXBuildFile; fileRef = EEC96A4F1A129891006B996E /* Contants.swift */; };
		EEE7B1FD1A13B9A6008FEE8E /* FriendRequestsVC.swift in Sources */ = {isa = PBXBuildFile; fileRef = EEE7B1FC1A13B9A6008FEE8E /* FriendRequestsVC.swift */; };
		EEE7B1FF1A13C017008FEE8E /* FriendRequestCell.swift in Sources */ = {isa = PBXBuildFile; fileRef = EEE7B1FE1A13C017008FEE8E /* FriendRequestCell.swift */; };
/* End PBXBuildFile section */

/* Begin PBXContainerItemProxy section */
		EE10410F1A10AC5100E9CBFE /* PBXContainerItemProxy */ = {
			isa = PBXContainerItemProxy;
			containerPortal = EE1040EE1A10AC5000E9CBFE /* Project object */;
			proxyType = 1;
			remoteGlobalIDString = EE1040F51A10AC5000E9CBFE;
			remoteInfo = HaikuMessenger;
		};
/* End PBXContainerItemProxy section */

/* Begin PBXFileReference section */
		0256D9540CE37171F7084CB2 /* Pods-HaikuMessenger.release.xcconfig */ = {isa = PBXFileReference; includeInIndex = 1; lastKnownFileType = text.xcconfig; name = "Pods-HaikuMessenger.release.xcconfig"; path = "Pods/Target Support Files/Pods-HaikuMessenger/Pods-HaikuMessenger.release.xcconfig"; sourceTree = "<group>"; };
		5C5678F420B237E3E350129C /* libPods-HaikuMessenger.a */ = {isa = PBXFileReference; explicitFileType = archive.ar; includeInIndex = 0; path = "libPods-HaikuMessenger.a"; sourceTree = BUILT_PRODUCTS_DIR; };
		682208547CB65A86DA8CE146 /* Pods-HaikuMessenger.debug.xcconfig */ = {isa = PBXFileReference; includeInIndex = 1; lastKnownFileType = text.xcconfig; name = "Pods-HaikuMessenger.debug.xcconfig"; path = "Pods/Target Support Files/Pods-HaikuMessenger/Pods-HaikuMessenger.debug.xcconfig"; sourceTree = "<group>"; };
		EE00C78A1A1F8A9600884A02 /* NotificationsVC.swift */ = {isa = PBXFileReference; fileEncoding = 4; lastKnownFileType = sourcecode.swift; name = NotificationsVC.swift; path = "View Controllers/NotificationsVC.swift"; sourceTree = "<group>"; };
		EE00C78E1A1F94A100884A02 /* SettingsVC.swift */ = {isa = PBXFileReference; fileEncoding = 4; lastKnownFileType = sourcecode.swift; name = SettingsVC.swift; path = "View Controllers/SettingsVC.swift"; sourceTree = "<group>"; };
		EE1040F61A10AC5000E9CBFE /* HaikuMessenger.app */ = {isa = PBXFileReference; explicitFileType = wrapper.application; includeInIndex = 0; path = HaikuMessenger.app; sourceTree = BUILT_PRODUCTS_DIR; };
		EE1040FA1A10AC5000E9CBFE /* Info.plist */ = {isa = PBXFileReference; lastKnownFileType = text.plist.xml; path = Info.plist; sourceTree = "<group>"; };
		EE1040FB1A10AC5000E9CBFE /* AppDelegate.swift */ = {isa = PBXFileReference; lastKnownFileType = sourcecode.swift; path = AppDelegate.swift; sourceTree = "<group>"; };
		EE1040FE1A10AC5000E9CBFE /* HaikuMessenger.xcdatamodel */ = {isa = PBXFileReference; lastKnownFileType = wrapper.xcdatamodel; path = HaikuMessenger.xcdatamodel; sourceTree = "<group>"; };
		EE1041031A10AC5000E9CBFE /* Base */ = {isa = PBXFileReference; lastKnownFileType = file.storyboard; name = Base; path = Base.lproj/Main.storyboard; sourceTree = "<group>"; };
		EE1041051A10AC5000E9CBFE /* Images.xcassets */ = {isa = PBXFileReference; lastKnownFileType = folder.assetcatalog; path = Images.xcassets; sourceTree = "<group>"; };
		EE1041081A10AC5000E9CBFE /* Base */ = {isa = PBXFileReference; lastKnownFileType = file.xib; name = Base; path = Base.lproj/LaunchScreen.xib; sourceTree = "<group>"; };
		EE10410E1A10AC5100E9CBFE /* HaikuMessengerTests.xctest */ = {isa = PBXFileReference; explicitFileType = wrapper.cfbundle; includeInIndex = 0; path = HaikuMessengerTests.xctest; sourceTree = BUILT_PRODUCTS_DIR; };
		EE1041131A10AC5100E9CBFE /* Info.plist */ = {isa = PBXFileReference; lastKnownFileType = text.plist.xml; path = Info.plist; sourceTree = "<group>"; };
		EE1041141A10AC5100E9CBFE /* HaikuMessengerTests.swift */ = {isa = PBXFileReference; lastKnownFileType = sourcecode.swift; path = HaikuMessengerTests.swift; sourceTree = "<group>"; };
		EE10411E1A10AE1500E9CBFE /* AudioToolbox.framework */ = {isa = PBXFileReference; lastKnownFileType = wrapper.framework; name = AudioToolbox.framework; path = System/Library/Frameworks/AudioToolbox.framework; sourceTree = SDKROOT; };
		EE1041201A10AE2600E9CBFE /* CFNetwork.framework */ = {isa = PBXFileReference; lastKnownFileType = wrapper.framework; name = CFNetwork.framework; path = System/Library/Frameworks/CFNetwork.framework; sourceTree = SDKROOT; };
		EE1041221A10AE2E00E9CBFE /* CoreGraphics.framework */ = {isa = PBXFileReference; lastKnownFileType = wrapper.framework; name = CoreGraphics.framework; path = System/Library/Frameworks/CoreGraphics.framework; sourceTree = SDKROOT; };
		EE1041241A10AE3400E9CBFE /* CoreLocation.framework */ = {isa = PBXFileReference; lastKnownFileType = wrapper.framework; name = CoreLocation.framework; path = System/Library/Frameworks/CoreLocation.framework; sourceTree = SDKROOT; };
		EE1041261A10AE4000E9CBFE /* libz.dylib */ = {isa = PBXFileReference; lastKnownFileType = "compiled.mach-o.dylib"; name = libz.dylib; path = usr/lib/libz.dylib; sourceTree = SDKROOT; };
		EE1041281A10AE4800E9CBFE /* MobileCoreServices.framework */ = {isa = PBXFileReference; lastKnownFileType = wrapper.framework; name = MobileCoreServices.framework; path = System/Library/Frameworks/MobileCoreServices.framework; sourceTree = SDKROOT; };
		EE10412A1A10AE4E00E9CBFE /* QuartzCore.framework */ = {isa = PBXFileReference; lastKnownFileType = wrapper.framework; name = QuartzCore.framework; path = System/Library/Frameworks/QuartzCore.framework; sourceTree = SDKROOT; };
		EE10412C1A10AE5600E9CBFE /* Security.framework */ = {isa = PBXFileReference; lastKnownFileType = wrapper.framework; name = Security.framework; path = System/Library/Frameworks/Security.framework; sourceTree = SDKROOT; };
		EE10412E1A10AE5D00E9CBFE /* StoreKit.framework */ = {isa = PBXFileReference; lastKnownFileType = wrapper.framework; name = StoreKit.framework; path = System/Library/Frameworks/StoreKit.framework; sourceTree = SDKROOT; };
		EE1041301A10AE6500E9CBFE /* SystemConfiguration.framework */ = {isa = PBXFileReference; lastKnownFileType = wrapper.framework; name = SystemConfiguration.framework; path = System/Library/Frameworks/SystemConfiguration.framework; sourceTree = SDKROOT; };
		EE10413B1A10AF3200E9CBFE /* Supporting Files */ = {isa = PBXFileReference; lastKnownFileType = folder; path = "Supporting Files"; sourceTree = "<group>"; };
		EE1041401A10B2A700E9CBFE /* LoginVC.swift */ = {isa = PBXFileReference; fileEncoding = 4; lastKnownFileType = sourcecode.swift; name = LoginVC.swift; path = "View Controllers/LoginVC.swift"; sourceTree = "<group>"; };
		EE2285611A1E6DA500B06BAC /* StoredFriend.swift */ = {isa = PBXFileReference; fileEncoding = 4; lastKnownFileType = sourcecode.swift; name = StoredFriend.swift; path = Model/StoredFriend.swift; sourceTree = "<group>"; };
		EE2285631A1E6DA600B06BAC /* StoredUser.swift */ = {isa = PBXFileReference; fileEncoding = 4; lastKnownFileType = sourcecode.swift; name = StoredUser.swift; path = Model/StoredUser.swift; sourceTree = "<group>"; };
		EE25CDCE1A10BE6100FF95AB /* InboxVC.swift */ = {isa = PBXFileReference; fileEncoding = 4; lastKnownFileType = sourcecode.swift; name = InboxVC.swift; path = "View Controllers/InboxVC.swift"; sourceTree = "<group>"; };
		EE25CDD21A10D91600FF95AB /* Factory.swift */ = {isa = PBXFileReference; fileEncoding = 4; lastKnownFileType = sourcecode.swift; name = Factory.swift; path = Classes/Factory.swift; sourceTree = "<group>"; };
		EE25CDD41A10DFF900FF95AB /* FriendsVC.swift */ = {isa = PBXFileReference; fileEncoding = 4; lastKnownFileType = sourcecode.swift; name = FriendsVC.swift; path = "View Controllers/FriendsVC.swift"; sourceTree = "<group>"; };
		EE25CDD61A10E31B00FF95AB /* AddFriendVC.swift */ = {isa = PBXFileReference; fileEncoding = 4; lastKnownFileType = sourcecode.swift; name = AddFriendVC.swift; path = "View Controllers/AddFriendVC.swift"; sourceTree = "<group>"; };
		EE3DD7B71A17FAEC00902642 /* Bolts.framework */ = {isa = PBXFileReference; lastKnownFileType = wrapper.framework; name = Bolts.framework; path = HaikuMessenger/Frameworks/Bolts.framework; sourceTree = "<group>"; };
		EE3DD7B81A17FAEC00902642 /* FacebookSDK.framework */ = {isa = PBXFileReference; lastKnownFileType = wrapper.framework; name = FacebookSDK.framework; path = HaikuMessenger/Frameworks/FacebookSDK.framework; sourceTree = "<group>"; };
		EE3DD7B91A17FAEC00902642 /* Parse.framework */ = {isa = PBXFileReference; lastKnownFileType = wrapper.framework; name = Parse.framework; path = HaikuMessenger/Frameworks/Parse.framework; sourceTree = "<group>"; };
		EE3DD7BA1A17FAEC00902642 /* ParseFacebookUtils.framework */ = {isa = PBXFileReference; lastKnownFileType = wrapper.framework; name = ParseFacebookUtils.framework; path = HaikuMessenger/Frameworks/ParseFacebookUtils.framework; sourceTree = "<group>"; };
		EE3DD7BB1A17FAEC00902642 /* ParseUI.framework */ = {isa = PBXFileReference; lastKnownFileType = wrapper.framework; name = ParseUI.framework; path = HaikuMessenger/Frameworks/ParseUI.framework; sourceTree = "<group>"; };
		EE3DD7C21A180D1500902642 /* FriendCell.swift */ = {isa = PBXFileReference; fileEncoding = 4; lastKnownFileType = sourcecode.swift; name = FriendCell.swift; path = Subclasses/FriendCell.swift; sourceTree = "<group>"; };
		EE5E5C3F1A193CD300C5132B /* SWRevealViewController.h */ = {isa = PBXFileReference; fileEncoding = 4; lastKnownFileType = sourcecode.c.h; path = SWRevealViewController.h; sourceTree = "<group>"; };
		EE5E5C401A193CD300C5132B /* SWRevealViewController.m */ = {isa = PBXFileReference; fileEncoding = 4; lastKnownFileType = sourcecode.c.objc; path = SWRevealViewController.m; sourceTree = "<group>"; };
		EEBB4E081A194717008B8239 /* MenuVC.swift */ = {isa = PBXFileReference; fileEncoding = 4; lastKnownFileType = sourcecode.swift; name = MenuVC.swift; path = "View Controllers/MenuVC.swift"; sourceTree = "<group>"; };
		EEBB4E0A1A194FB9008B8239 /* StandardCell.swift */ = {isa = PBXFileReference; fileEncoding = 4; lastKnownFileType = sourcecode.swift; name = StandardCell.swift; path = Subclasses/StandardCell.swift; sourceTree = "<group>"; };
		EEC417211A153672000CD1AC /* PageContainerVC.swift */ = {isa = PBXFileReference; fileEncoding = 4; lastKnownFileType = sourcecode.swift; name = PageContainerVC.swift; path = "View Controllers/PageContainerVC.swift"; sourceTree = "<group>"; };
		EEC417231A15370B000CD1AC /* RegisterVC.swift */ = {isa = PBXFileReference; fileEncoding = 4; lastKnownFileType = sourcecode.swift; name = RegisterVC.swift; path = "View Controllers/RegisterVC.swift"; sourceTree = "<group>"; };
		EEC4454D1A1E04F90053A44A /* CoreDataManager.swift */ = {isa = PBXFileReference; fileEncoding = 4; lastKnownFileType = sourcecode.swift; name = CoreDataManager.swift; path = Classes/CoreDataManager.swift; sourceTree = "<group>"; };
		EEC96A4C1A129270006B996E /* AddFriendTableCell.swift */ = {isa = PBXFileReference; fileEncoding = 4; lastKnownFileType = sourcecode.swift; name = AddFriendTableCell.swift; path = Subclasses/AddFriendTableCell.swift; sourceTree = "<group>"; };
		EEC96A4F1A129891006B996E /* Contants.swift */ = {isa = PBXFileReference; fileEncoding = 4; lastKnownFileType = sourcecode.swift; name = Contants.swift; path = "Supporting Files/Contants.swift"; sourceTree = "<group>"; };
		EEE7B1FC1A13B9A6008FEE8E /* FriendRequestsVC.swift */ = {isa = PBXFileReference; fileEncoding = 4; lastKnownFileType = sourcecode.swift; name = FriendRequestsVC.swift; path = "View Controllers/FriendRequestsVC.swift"; sourceTree = "<group>"; };
		EEE7B1FE1A13C017008FEE8E /* FriendRequestCell.swift */ = {isa = PBXFileReference; fileEncoding = 4; lastKnownFileType = sourcecode.swift; name = FriendRequestCell.swift; path = Subclasses/FriendRequestCell.swift; sourceTree = "<group>"; };
/* End PBXFileReference section */

/* Begin PBXFrameworksBuildPhase section */
		EE1040F31A10AC5000E9CBFE /* Frameworks */ = {
			isa = PBXFrameworksBuildPhase;
			buildActionMask = 2147483647;
			files = (
				EE3DD7BF1A17FAEC00902642 /* ParseFacebookUtils.framework in Frameworks */,
				EE1041311A10AE6500E9CBFE /* SystemConfiguration.framework in Frameworks */,
				EE10412F1A10AE5D00E9CBFE /* StoreKit.framework in Frameworks */,
				EE10412D1A10AE5600E9CBFE /* Security.framework in Frameworks */,
				EE10412B1A10AE4E00E9CBFE /* QuartzCore.framework in Frameworks */,
				EE1041291A10AE4800E9CBFE /* MobileCoreServices.framework in Frameworks */,
				EE3DD7BD1A17FAEC00902642 /* FacebookSDK.framework in Frameworks */,
				EE3DD7BE1A17FAEC00902642 /* Parse.framework in Frameworks */,
				EE1041271A10AE4000E9CBFE /* libz.dylib in Frameworks */,
				EE1041251A10AE3400E9CBFE /* CoreLocation.framework in Frameworks */,
				EE1041231A10AE2E00E9CBFE /* CoreGraphics.framework in Frameworks */,
				EE3DD7BC1A17FAEC00902642 /* Bolts.framework in Frameworks */,
				EE3DD7C01A17FAEC00902642 /* ParseUI.framework in Frameworks */,
				EE1041211A10AE2600E9CBFE /* CFNetwork.framework in Frameworks */,
				EE10411F1A10AE1500E9CBFE /* AudioToolbox.framework in Frameworks */,
				0AF57328829A725C288FDACF /* libPods-HaikuMessenger.a in Frameworks */,
			);
			runOnlyForDeploymentPostprocessing = 0;
		};
		EE10410B1A10AC5100E9CBFE /* Frameworks */ = {
			isa = PBXFrameworksBuildPhase;
			buildActionMask = 2147483647;
			files = (
			);
			runOnlyForDeploymentPostprocessing = 0;
		};
/* End PBXFrameworksBuildPhase section */

/* Begin PBXGroup section */
		824E1C137FFAC3B68A47D396 /* Pods */ = {
			isa = PBXGroup;
			children = (
				682208547CB65A86DA8CE146 /* Pods-HaikuMessenger.debug.xcconfig */,
				0256D9540CE37171F7084CB2 /* Pods-HaikuMessenger.release.xcconfig */,
			);
			name = Pods;
			sourceTree = "<group>";
		};
		EE00C78C1A1F935600884A02 /* Login & Registration */ = {
			isa = PBXGroup;
			children = (
				EE1041401A10B2A700E9CBFE /* LoginVC.swift */,
				EEC417231A15370B000CD1AC /* RegisterVC.swift */,
			);
			name = "Login & Registration";
			sourceTree = "<group>";
		};
		EE00C78D1A1F938E00884A02 /* Main View Ctonrollers */ = {
			isa = PBXGroup;
			children = (
				EEBB4E081A194717008B8239 /* MenuVC.swift */,
				EE25CDCE1A10BE6100FF95AB /* InboxVC.swift */,
				EE25CDD41A10DFF900FF95AB /* FriendsVC.swift */,
				EE00C78A1A1F8A9600884A02 /* NotificationsVC.swift */,
				EE00C78E1A1F94A100884A02 /* SettingsVC.swift */,
			);
			name = "Main View Ctonrollers";
			sourceTree = "<group>";
		};
		EE1040ED1A10AC5000E9CBFE = {
			isa = PBXGroup;
			children = (
				EE1040F81A10AC5000E9CBFE /* HaikuMessenger */,
				EE1041321A10AE7B00E9CBFE /* Frameworks */,
				EE1041111A10AC5100E9CBFE /* HaikuMessengerTests */,
				EE1040F71A10AC5000E9CBFE /* Products */,
				824E1C137FFAC3B68A47D396 /* Pods */,
			);
			sourceTree = "<group>";
		};
		EE1040F71A10AC5000E9CBFE /* Products */ = {
			isa = PBXGroup;
			children = (
				EE1040F61A10AC5000E9CBFE /* HaikuMessenger.app */,
				EE10410E1A10AC5100E9CBFE /* HaikuMessengerTests.xctest */,
			);
			name = Products;
			sourceTree = "<group>";
		};
		EE1040F81A10AC5000E9CBFE /* HaikuMessenger */ = {
			isa = PBXGroup;
			children = (
				EE1040FB1A10AC5000E9CBFE /* AppDelegate.swift */,
				EE1041021A10AC5000E9CBFE /* Main.storyboard */,
				EE7ED14C1A1BCD4B0095FA05 /* Model */,
				EE1041421A10B2AD00E9CBFE /* View Controllers */,
				EE5E5C3E1A193CD300C5132B /* SWRevealViewController */,
				EEC96A4E1A129275006B996E /* Subclasses */,
				EEBB4E051A194398008B8239 /* Unused */,
				EE1040F91A10AC5000E9CBFE /* Supporting Files */,
			);
			path = HaikuMessenger;
			sourceTree = "<group>";
		};
		EE1040F91A10AC5000E9CBFE /* Supporting Files */ = {
			isa = PBXGroup;
			children = (
				EE25CDD21A10D91600FF95AB /* Factory.swift */,
				EEC4454D1A1E04F90053A44A /* CoreDataManager.swift */,
				EEC96A4F1A129891006B996E /* Contants.swift */,
				EE1041071A10AC5000E9CBFE /* LaunchScreen.xib */,
				EE1040FA1A10AC5000E9CBFE /* Info.plist */,
				EE1041051A10AC5000E9CBFE /* Images.xcassets */,
				EE10413B1A10AF3200E9CBFE /* Supporting Files */,
			);
			name = "Supporting Files";
			sourceTree = "<group>";
		};
		EE1041111A10AC5100E9CBFE /* HaikuMessengerTests */ = {
			isa = PBXGroup;
			children = (
				EE1041141A10AC5100E9CBFE /* HaikuMessengerTests.swift */,
				EE1041121A10AC5100E9CBFE /* Supporting Files */,
			);
			path = HaikuMessengerTests;
			sourceTree = "<group>";
		};
		EE1041121A10AC5100E9CBFE /* Supporting Files */ = {
			isa = PBXGroup;
			children = (
				EE1041131A10AC5100E9CBFE /* Info.plist */,
			);
			name = "Supporting Files";
			sourceTree = "<group>";
		};
		EE1041321A10AE7B00E9CBFE /* Frameworks */ = {
			isa = PBXGroup;
			children = (
				EE3DD7B71A17FAEC00902642 /* Bolts.framework */,
				EE3DD7B81A17FAEC00902642 /* FacebookSDK.framework */,
				EE3DD7B91A17FAEC00902642 /* Parse.framework */,
				EE3DD7BA1A17FAEC00902642 /* ParseFacebookUtils.framework */,
				EE3DD7BB1A17FAEC00902642 /* ParseUI.framework */,
				EE1041301A10AE6500E9CBFE /* SystemConfiguration.framework */,
				EE10412E1A10AE5D00E9CBFE /* StoreKit.framework */,
				EE10412C1A10AE5600E9CBFE /* Security.framework */,
				EE10412A1A10AE4E00E9CBFE /* QuartzCore.framework */,
				EE1041281A10AE4800E9CBFE /* MobileCoreServices.framework */,
				EE1041261A10AE4000E9CBFE /* libz.dylib */,
				EE1041241A10AE3400E9CBFE /* CoreLocation.framework */,
				EE1041221A10AE2E00E9CBFE /* CoreGraphics.framework */,
				EE1041201A10AE2600E9CBFE /* CFNetwork.framework */,
				EE10411E1A10AE1500E9CBFE /* AudioToolbox.framework */,
				5C5678F420B237E3E350129C /* libPods-HaikuMessenger.a */,
			);
			name = Frameworks;
			sourceTree = "<group>";
		};
		EE1041421A10B2AD00E9CBFE /* View Controllers */ = {
			isa = PBXGroup;
			children = (
				EE00C78C1A1F935600884A02 /* Login & Registration */,
				EE00C78D1A1F938E00884A02 /* Main View Ctonrollers */,
				EE3DD7C11A180AFF00902642 /* Friends */,
			);
			name = "View Controllers";
			sourceTree = "<group>";
		};
		EE3DD7C11A180AFF00902642 /* Friends */ = {
			isa = PBXGroup;
			children = (
				EEE7B1FC1A13B9A6008FEE8E /* FriendRequestsVC.swift */,
				EE25CDD61A10E31B00FF95AB /* AddFriendVC.swift */,
			);
			name = Friends;
			sourceTree = "<group>";
		};
		EE5E5C3E1A193CD300C5132B /* SWRevealViewController */ = {
			isa = PBXGroup;
			children = (
				EE5E5C3F1A193CD300C5132B /* SWRevealViewController.h */,
				EE5E5C401A193CD300C5132B /* SWRevealViewController.m */,
			);
			path = SWRevealViewController;
			sourceTree = "<group>";
		};
		EE7ED14C1A1BCD4B0095FA05 /* Model */ = {
			isa = PBXGroup;
			children = (
				EE1040FD1A10AC5000E9CBFE /* HaikuMessenger.xcdatamodeld */,
				EE2285631A1E6DA600B06BAC /* StoredUser.swift */,
				EE2285611A1E6DA500B06BAC /* StoredFriend.swift */,
			);
			name = Model;
			sourceTree = "<group>";
		};
		EEBB4E051A194398008B8239 /* Unused */ = {
			isa = PBXGroup;
			children = (
				EEC417211A153672000CD1AC /* PageContainerVC.swift */,
			);
			name = Unused;
			sourceTree = "<group>";
		};
		EEC96A4E1A129275006B996E /* Subclasses */ = {
			isa = PBXGroup;
			children = (
				EEC96A4C1A129270006B996E /* AddFriendTableCell.swift */,
				EEE7B1FE1A13C017008FEE8E /* FriendRequestCell.swift */,
				EE3DD7C21A180D1500902642 /* FriendCell.swift */,
				EEBB4E0A1A194FB9008B8239 /* StandardCell.swift */,
			);
			name = Subclasses;
			sourceTree = "<group>";
		};
/* End PBXGroup section */

/* Begin PBXNativeTarget section */
		EE1040F51A10AC5000E9CBFE /* HaikuMessenger */ = {
			isa = PBXNativeTarget;
			buildConfigurationList = EE1041181A10AC5100E9CBFE /* Build configuration list for PBXNativeTarget "HaikuMessenger" */;
			buildPhases = (
				628B27F5CE68B60E871908B3 /* Check Pods Manifest.lock */,
				EE1040F21A10AC5000E9CBFE /* Sources */,
				EE1040F31A10AC5000E9CBFE /* Frameworks */,
				EE1040F41A10AC5000E9CBFE /* Resources */,
				C0AB7771D784E48BB5662698 /* Copy Pods Resources */,
			);
			buildRules = (
			);
			dependencies = (
			);
			name = HaikuMessenger;
			productName = HaikuMessenger;
			productReference = EE1040F61A10AC5000E9CBFE /* HaikuMessenger.app */;
			productType = "com.apple.product-type.application";
		};
		EE10410D1A10AC5100E9CBFE /* HaikuMessengerTests */ = {
			isa = PBXNativeTarget;
			buildConfigurationList = EE10411B1A10AC5100E9CBFE /* Build configuration list for PBXNativeTarget "HaikuMessengerTests" */;
			buildPhases = (
				EE10410A1A10AC5100E9CBFE /* Sources */,
				EE10410B1A10AC5100E9CBFE /* Frameworks */,
				EE10410C1A10AC5100E9CBFE /* Resources */,
			);
			buildRules = (
			);
			dependencies = (
				EE1041101A10AC5100E9CBFE /* PBXTargetDependency */,
			);
			name = HaikuMessengerTests;
			productName = HaikuMessengerTests;
			productReference = EE10410E1A10AC5100E9CBFE /* HaikuMessengerTests.xctest */;
			productType = "com.apple.product-type.bundle.unit-test";
		};
/* End PBXNativeTarget section */

/* Begin PBXProject section */
		EE1040EE1A10AC5000E9CBFE /* Project object */ = {
			isa = PBXProject;
			attributes = {
				LastUpgradeCheck = 0610;
				ORGANIZATIONNAME = "John Nguyen";
				TargetAttributes = {
					EE1040F51A10AC5000E9CBFE = {
						CreatedOnToolsVersion = 6.1;
					};
					EE10410D1A10AC5100E9CBFE = {
						CreatedOnToolsVersion = 6.1;
						TestTargetID = EE1040F51A10AC5000E9CBFE;
					};
				};
			};
			buildConfigurationList = EE1040F11A10AC5000E9CBFE /* Build configuration list for PBXProject "HaikuMessenger" */;
			compatibilityVersion = "Xcode 3.2";
			developmentRegion = English;
			hasScannedForEncodings = 0;
			knownRegions = (
				en,
				Base,
			);
			mainGroup = EE1040ED1A10AC5000E9CBFE;
			productRefGroup = EE1040F71A10AC5000E9CBFE /* Products */;
			projectDirPath = "";
			projectRoot = "";
			targets = (
				EE1040F51A10AC5000E9CBFE /* HaikuMessenger */,
				EE10410D1A10AC5100E9CBFE /* HaikuMessengerTests */,
			);
		};
/* End PBXProject section */

/* Begin PBXResourcesBuildPhase section */
		EE1040F41A10AC5000E9CBFE /* Resources */ = {
			isa = PBXResourcesBuildPhase;
			buildActionMask = 2147483647;
			files = (
				EE1041041A10AC5000E9CBFE /* Main.storyboard in Resources */,
				EE1041091A10AC5000E9CBFE /* LaunchScreen.xib in Resources */,
				EE1041061A10AC5000E9CBFE /* Images.xcassets in Resources */,
			);
			runOnlyForDeploymentPostprocessing = 0;
		};
		EE10410C1A10AC5100E9CBFE /* Resources */ = {
			isa = PBXResourcesBuildPhase;
			buildActionMask = 2147483647;
			files = (
			);
			runOnlyForDeploymentPostprocessing = 0;
		};
/* End PBXResourcesBuildPhase section */

/* Begin PBXShellScriptBuildPhase section */
		628B27F5CE68B60E871908B3 /* Check Pods Manifest.lock */ = {
			isa = PBXShellScriptBuildPhase;
			buildActionMask = 2147483647;
			files = (
			);
			inputPaths = (
			);
			name = "Check Pods Manifest.lock";
			outputPaths = (
			);
			runOnlyForDeploymentPostprocessing = 0;
			shellPath = /bin/sh;
			shellScript = "diff \"${PODS_ROOT}/../Podfile.lock\" \"${PODS_ROOT}/Manifest.lock\" > /dev/null\nif [[ $? != 0 ]] ; then\n    cat << EOM\nerror: The sandbox is not in sync with the Podfile.lock. Run 'pod install' or update your CocoaPods installation.\nEOM\n    exit 1\nfi\n";
			showEnvVarsInLog = 0;
		};
		C0AB7771D784E48BB5662698 /* Copy Pods Resources */ = {
			isa = PBXShellScriptBuildPhase;
			buildActionMask = 2147483647;
			files = (
			);
			inputPaths = (
			);
			name = "Copy Pods Resources";
			outputPaths = (
			);
			runOnlyForDeploymentPostprocessing = 0;
			shellPath = /bin/sh;
			shellScript = "\"${SRCROOT}/Pods/Target Support Files/Pods-HaikuMessenger/Pods-HaikuMessenger-resources.sh\"\n";
			showEnvVarsInLog = 0;
		};
/* End PBXShellScriptBuildPhase section */

/* Begin PBXSourcesBuildPhase section */
		EE1040F21A10AC5000E9CBFE /* Sources */ = {
			isa = PBXSourcesBuildPhase;
			buildActionMask = 2147483647;
			files = (
				EE25CDD51A10DFF900FF95AB /* FriendsVC.swift in Sources */,
				EE25CDCF1A10BE6100FF95AB /* InboxVC.swift in Sources */,
				EEC96A4D1A129270006B996E /* AddFriendTableCell.swift in Sources */,
				EE2285641A1E6DA600B06BAC /* StoredUser.swift in Sources */,
				EEC417221A153672000CD1AC /* PageContainerVC.swift in Sources */,
				EE00C78F1A1F94A100884A02 /* SettingsVC.swift in Sources */,
				EE3DD7C31A180D1500902642 /* FriendCell.swift in Sources */,
				EE1040FF1A10AC5000E9CBFE /* HaikuMessenger.xcdatamodeld in Sources */,
				EEE7B1FF1A13C017008FEE8E /* FriendRequestCell.swift in Sources */,
				EE25CDD31A10D91600FF95AB /* Factory.swift in Sources */,
				EE2285621A1E6DA500B06BAC /* StoredFriend.swift in Sources */,
				EE1040FC1A10AC5000E9CBFE /* AppDelegate.swift in Sources */,
				EEC4454E1A1E04F90053A44A /* CoreDataManager.swift in Sources */,
				EEC417241A15370B000CD1AC /* RegisterVC.swift in Sources */,
				EEBB4E0B1A194FB9008B8239 /* StandardCell.swift in Sources */,
				EE5E5C411A193CD300C5132B /* SWRevealViewController.m in Sources */,
				EE1041411A10B2A700E9CBFE /* LoginVC.swift in Sources */,
				EE25CDD71A10E31B00FF95AB /* AddFriendVC.swift in Sources */,
				EEC96A501A129891006B996E /* Contants.swift in Sources */,
				EEE7B1FD1A13B9A6008FEE8E /* FriendRequestsVC.swift in Sources */,
				EEBB4E091A194717008B8239 /* MenuVC.swift in Sources */,
				EE00C78B1A1F8A9600884A02 /* NotificationsVC.swift in Sources */,
			);
			runOnlyForDeploymentPostprocessing = 0;
		};
		EE10410A1A10AC5100E9CBFE /* Sources */ = {
			isa = PBXSourcesBuildPhase;
			buildActionMask = 2147483647;
			files = (
				EE1041151A10AC5100E9CBFE /* HaikuMessengerTests.swift in Sources */,
			);
			runOnlyForDeploymentPostprocessing = 0;
		};
/* End PBXSourcesBuildPhase section */

/* Begin PBXTargetDependency section */
		EE1041101A10AC5100E9CBFE /* PBXTargetDependency */ = {
			isa = PBXTargetDependency;
			target = EE1040F51A10AC5000E9CBFE /* HaikuMessenger */;
			targetProxy = EE10410F1A10AC5100E9CBFE /* PBXContainerItemProxy */;
		};
/* End PBXTargetDependency section */

/* Begin PBXVariantGroup section */
		EE1041021A10AC5000E9CBFE /* Main.storyboard */ = {
			isa = PBXVariantGroup;
			children = (
				EE1041031A10AC5000E9CBFE /* Base */,
			);
			name = Main.storyboard;
			sourceTree = "<group>";
		};
		EE1041071A10AC5000E9CBFE /* LaunchScreen.xib */ = {
			isa = PBXVariantGroup;
			children = (
				EE1041081A10AC5000E9CBFE /* Base */,
			);
			name = LaunchScreen.xib;
			sourceTree = "<group>";
		};
/* End PBXVariantGroup section */

/* Begin XCBuildConfiguration section */
		EE1041161A10AC5100E9CBFE /* Debug */ = {
			isa = XCBuildConfiguration;
			buildSettings = {
				ALWAYS_SEARCH_USER_PATHS = NO;
				CLANG_CXX_LANGUAGE_STANDARD = "gnu++0x";
				CLANG_CXX_LIBRARY = "libc++";
				CLANG_ENABLE_MODULES = YES;
				CLANG_ENABLE_OBJC_ARC = YES;
				CLANG_WARN_BOOL_CONVERSION = YES;
				CLANG_WARN_CONSTANT_CONVERSION = YES;
				CLANG_WARN_DIRECT_OBJC_ISA_USAGE = YES_ERROR;
				CLANG_WARN_EMPTY_BODY = YES;
				CLANG_WARN_ENUM_CONVERSION = YES;
				CLANG_WARN_INT_CONVERSION = YES;
				CLANG_WARN_OBJC_ROOT_CLASS = YES_ERROR;
				CLANG_WARN_UNREACHABLE_CODE = YES;
				CLANG_WARN__DUPLICATE_METHOD_MATCH = YES;
				"CODE_SIGN_IDENTITY[sdk=iphoneos*]" = "iPhone Developer";
				COPY_PHASE_STRIP = NO;
				ENABLE_STRICT_OBJC_MSGSEND = YES;
				GCC_C_LANGUAGE_STANDARD = gnu99;
				GCC_DYNAMIC_NO_PIC = NO;
				GCC_OPTIMIZATION_LEVEL = 0;
				GCC_PREPROCESSOR_DEFINITIONS = (
					"DEBUG=1",
					"$(inherited)",
				);
				GCC_SYMBOLS_PRIVATE_EXTERN = NO;
				GCC_WARN_64_TO_32_BIT_CONVERSION = YES;
				GCC_WARN_ABOUT_RETURN_TYPE = YES_ERROR;
				GCC_WARN_UNDECLARED_SELECTOR = YES;
				GCC_WARN_UNINITIALIZED_AUTOS = YES_AGGRESSIVE;
				GCC_WARN_UNUSED_FUNCTION = YES;
				GCC_WARN_UNUSED_VARIABLE = YES;
				IPHONEOS_DEPLOYMENT_TARGET = 8.1;
				MTL_ENABLE_DEBUG_INFO = YES;
				ONLY_ACTIVE_ARCH = YES;
				SDKROOT = iphoneos;
				SWIFT_OPTIMIZATION_LEVEL = "-Onone";
				TARGETED_DEVICE_FAMILY = "1,2";
			};
			name = Debug;
		};
		EE1041171A10AC5100E9CBFE /* Release */ = {
			isa = XCBuildConfiguration;
			buildSettings = {
				ALWAYS_SEARCH_USER_PATHS = NO;
				CLANG_CXX_LANGUAGE_STANDARD = "gnu++0x";
				CLANG_CXX_LIBRARY = "libc++";
				CLANG_ENABLE_MODULES = YES;
				CLANG_ENABLE_OBJC_ARC = YES;
				CLANG_WARN_BOOL_CONVERSION = YES;
				CLANG_WARN_CONSTANT_CONVERSION = YES;
				CLANG_WARN_DIRECT_OBJC_ISA_USAGE = YES_ERROR;
				CLANG_WARN_EMPTY_BODY = YES;
				CLANG_WARN_ENUM_CONVERSION = YES;
				CLANG_WARN_INT_CONVERSION = YES;
				CLANG_WARN_OBJC_ROOT_CLASS = YES_ERROR;
				CLANG_WARN_UNREACHABLE_CODE = YES;
				CLANG_WARN__DUPLICATE_METHOD_MATCH = YES;
				"CODE_SIGN_IDENTITY[sdk=iphoneos*]" = "iPhone Developer";
				COPY_PHASE_STRIP = YES;
				ENABLE_NS_ASSERTIONS = NO;
				ENABLE_STRICT_OBJC_MSGSEND = YES;
				GCC_C_LANGUAGE_STANDARD = gnu99;
				GCC_WARN_64_TO_32_BIT_CONVERSION = YES;
				GCC_WARN_ABOUT_RETURN_TYPE = YES_ERROR;
				GCC_WARN_UNDECLARED_SELECTOR = YES;
				GCC_WARN_UNINITIALIZED_AUTOS = YES_AGGRESSIVE;
				GCC_WARN_UNUSED_FUNCTION = YES;
				GCC_WARN_UNUSED_VARIABLE = YES;
				IPHONEOS_DEPLOYMENT_TARGET = 8.1;
				MTL_ENABLE_DEBUG_INFO = NO;
				SDKROOT = iphoneos;
				TARGETED_DEVICE_FAMILY = "1,2";
				VALIDATE_PRODUCT = YES;
			};
			name = Release;
		};
		EE1041191A10AC5100E9CBFE /* Debug */ = {
			isa = XCBuildConfiguration;
			baseConfigurationReference = 682208547CB65A86DA8CE146 /* Pods-HaikuMessenger.debug.xcconfig */;
			buildSettings = {
				ASSETCATALOG_COMPILER_APPICON_NAME = AppIcon;
				CLANG_ENABLE_MODULES = YES;
				FRAMEWORK_SEARCH_PATHS = (
					"$(inherited)",
					"$(PROJECT_DIR)",
					"$(PROJECT_DIR)/HaikuMessenger/Frameworks",
				);
				INFOPLIST_FILE = HaikuMessenger/Info.plist;
				LD_RUNPATH_SEARCH_PATHS = "$(inherited) @executable_path/Frameworks";
				OTHER_LDFLAGS = (
					"-l\"Pods-HaikuMessenger-JSQMessagesViewController\"",
					"-l\"Pods-HaikuMessenger-JSQSystemSoundPlayer\"",
					"-framework",
					"\"AudioToolbox\"",
					"-framework",
					"\"Foundation\"",
					"-framework",
					"\"QuartzCore\"",
					"-framework",
					"\"UIKit\"",
				);
				PRODUCT_NAME = "$(TARGET_NAME)";
				SWIFT_OBJC_BRIDGING_HEADER = "/Users/johnnguyen/Documents/PROJECTS/XCode/Projects/HaikuMessenger/HaikuMessenger/Supporting Files/HaikuMessenger-Bridging-Header.h";
				SWIFT_OPTIMIZATION_LEVEL = "-Onone";
			};
			name = Debug;
		};
		EE10411A1A10AC5100E9CBFE /* Release */ = {
			isa = XCBuildConfiguration;
			baseConfigurationReference = 0256D9540CE37171F7084CB2 /* Pods-HaikuMessenger.release.xcconfig */;
			buildSettings = {
				ASSETCATALOG_COMPILER_APPICON_NAME = AppIcon;
				CLANG_ENABLE_MODULES = YES;
				FRAMEWORK_SEARCH_PATHS = (
					"$(inherited)",
					"$(PROJECT_DIR)",
					"$(PROJECT_DIR)/HaikuMessenger/Frameworks",
				);
				INFOPLIST_FILE = HaikuMessenger/Info.plist;
				LD_RUNPATH_SEARCH_PATHS = "$(inherited) @executable_path/Frameworks";
				OTHER_LDFLAGS = (
					"-l\"Pods-HaikuMessenger-JSQMessagesViewController\"",
					"-l\"Pods-HaikuMessenger-JSQSystemSoundPlayer\"",
					"-framework",
					"\"AudioToolbox\"",
					"-framework",
					"\"Foundation\"",
					"-framework",
					"\"QuartzCore\"",
					"-framework",
					"\"UIKit\"",
				);
				PRODUCT_NAME = "$(TARGET_NAME)";
				SWIFT_OBJC_BRIDGING_HEADER = "/Users/johnnguyen/Documents/PROJECTS/XCode/Projects/HaikuMessenger/HaikuMessenger/Supporting Files/HaikuMessenger-Bridging-Header.h";
			};
			name = Release;
		};
		EE10411C1A10AC5100E9CBFE /* Debug */ = {
			isa = XCBuildConfiguration;
			buildSettings = {
				BUNDLE_LOADER = "$(TEST_HOST)";
				FRAMEWORK_SEARCH_PATHS = (
					"$(SDKROOT)/Developer/Library/Frameworks",
					"$(inherited)",
				);
				GCC_PREPROCESSOR_DEFINITIONS = (
					"DEBUG=1",
					"$(inherited)",
				);
				INFOPLIST_FILE = HaikuMessengerTests/Info.plist;
				LD_RUNPATH_SEARCH_PATHS = "$(inherited) @executable_path/Frameworks @loader_path/Frameworks";
				PRODUCT_NAME = "$(TARGET_NAME)";
				TEST_HOST = "$(BUILT_PRODUCTS_DIR)/HaikuMessenger.app/HaikuMessenger";
			};
			name = Debug;
		};
		EE10411D1A10AC5100E9CBFE /* Release */ = {
			isa = XCBuildConfiguration;
			buildSettings = {
				BUNDLE_LOADER = "$(TEST_HOST)";
				FRAMEWORK_SEARCH_PATHS = (
					"$(SDKROOT)/Developer/Library/Frameworks",
					"$(inherited)",
				);
				INFOPLIST_FILE = HaikuMessengerTests/Info.plist;
				LD_RUNPATH_SEARCH_PATHS = "$(inherited) @executable_path/Frameworks @loader_path/Frameworks";
				PRODUCT_NAME = "$(TARGET_NAME)";
				TEST_HOST = "$(BUILT_PRODUCTS_DIR)/HaikuMessenger.app/HaikuMessenger";
			};
			name = Release;
		};
/* End XCBuildConfiguration section */

/* Begin XCConfigurationList section */
		EE1040F11A10AC5000E9CBFE /* Build configuration list for PBXProject "HaikuMessenger" */ = {
			isa = XCConfigurationList;
			buildConfigurations = (
				EE1041161A10AC5100E9CBFE /* Debug */,
				EE1041171A10AC5100E9CBFE /* Release */,
			);
			defaultConfigurationIsVisible = 0;
			defaultConfigurationName = Release;
		};
		EE1041181A10AC5100E9CBFE /* Build configuration list for PBXNativeTarget "HaikuMessenger" */ = {
			isa = XCConfigurationList;
			buildConfigurations = (
				EE1041191A10AC5100E9CBFE /* Debug */,
				EE10411A1A10AC5100E9CBFE /* Release */,
			);
			defaultConfigurationIsVisible = 0;
			defaultConfigurationName = Release;
		};
		EE10411B1A10AC5100E9CBFE /* Build configuration list for PBXNativeTarget "HaikuMessengerTests" */ = {
			isa = XCConfigurationList;
			buildConfigurations = (
				EE10411C1A10AC5100E9CBFE /* Debug */,
				EE10411D1A10AC5100E9CBFE /* Release */,
			);
			defaultConfigurationIsVisible = 0;
			defaultConfigurationName = Release;
		};
/* End XCConfigurationList section */

/* Begin XCVersionGroup section */
		EE1040FD1A10AC5000E9CBFE /* HaikuMessenger.xcdatamodeld */ = {
			isa = XCVersionGroup;
			children = (
				EE1040FE1A10AC5000E9CBFE /* HaikuMessenger.xcdatamodel */,
			);
			currentVersion = EE1040FE1A10AC5000E9CBFE /* HaikuMessenger.xcdatamodel */;
			path = HaikuMessenger.xcdatamodeld;
			sourceTree = "<group>";
			versionGroupType = wrapper.xcdatamodel;
		};
/* End XCVersionGroup section */
	};
	rootObject = EE1040EE1A10AC5000E9CBFE /* Project object */;
}
